
Microsoft Visual Studio Solution File, Format Version 12.00
# Visual Studio Version 17
VisualStudioVersion = 17.3.32929.385
MinimumVisualStudioVersion = 10.0.40219.1
Project("{FAE04EC0-301F-11D3-BF4B-00C04F79EFBC}") = "telefonrehberi", "telefonrehberi\telefonrehberi.csproj", "{B17E202B-C168-4CEF-A501-2F5D8A17669E}"
EndProject
Global
	GlobalSection(SolutionConfigurationPlatforms) = preSolution
		Debug|Any CPU = Debug|Any CPU
		Debug|Default = Debug|Default
		Debug|x64 = Debug|x64
		Release|Any CPU = Release|Any CPU
		Release|Default = Release|Default
		Release|x64 = Release|x64
	EndGlobalSection
	GlobalSection(ProjectConfigurationPlatforms) = postSolution
		{B17E202B-C168-4CEF-A501-2F5D8A17669E}.Debug|Any CPU.ActiveCfg = Debug|Any CPU
		{B17E202B-C168-4CEF-A501-2F5D8A17669E}.Debug|Any CPU.Build.0 = Debug|Any CPU
		{B17E202B-C168-4CEF-A501-2F5D8A17669E}.Debug|Default.ActiveCfg = Debug|Any CPU
		{B17E202B-C168-4CEF-A501-2F5D8A17669E}.Debug|Default.Build.0 = Debug|Any CPU
		{B17E202B-C168-4CEF-A501-2F5D8A17669E}.Debug|x64.ActiveCfg = Debug|x64
		{B17E202B-C168-4CEF-A501-2F5D8A17669E}.Debug|x64.Build.0 = Debug|x64
		{B17E202B-C168-4CEF-A501-2F5D8A17669E}.Release|Any CPU.ActiveCfg = Release|Any CPU
		{B17E202B-C168-4CEF-A501-2F5D8A17669E}.Release|Any CPU.Build.0 = Release|Any CPU
		{B17E202B-C168-4CEF-A501-2F5D8A17669E}.Release|Default.ActiveCfg = Release|Any CPU
		{B17E202B-C168-4CEF-A501-2F5D8A17669E}.Release|Default.Build.0 = Release|Any CPU
		{B17E202B-C168-4CEF-A501-2F5D8A17669E}.Release|x64.ActiveCfg = Release|x64
		{B17E202B-C168-4CEF-A501-2F5D8A17669E}.Release|x64.Build.0 = Release|x64
	EndGlobalSection
	GlobalSection(SolutionProperties) = preSolution
		HideSolutionNode = FALSE
	EndGlobalSection
	GlobalSection(ExtensibilityGlobals) = postSolution
		SolutionGuid = {13F42C99-51B4-4B81-AAB8-2DC15F9C8995}
	EndGlobalSection
	GlobalSection(SolutionConfigurationPlatforms) = preSolution
		Debug|Any CPU = Debug|Any CPU
		Debug|Default = Debug|Default
		Debug|x64 = Debug|x64
		Release|Any CPU = Release|Any CPU
		Release|Default = Release|Default
		Release|x64 = Release|x64
	EndGlobalSection
	GlobalSection(SolutionConfigurationPlatforms) = preSolution
		Debug|Any CPU = Debug|Any CPU
		Debug|Default = Debug|Default
		Debug|x64 = Debug|x64
		Release|Any CPU = Release|Any CPU
		Release|Default = Release|Default
		Release|x64 = Release|x64
	EndGlobalSection
	GlobalSection(SolutionConfigurationPlatforms) = preSolution
		Debug|Any CPU = Debug|Any CPU
		Debug|Default = Debug|Default
		Debug|x64 = Debug|x64
		Release|Any CPU = Release|Any CPU
		Release|Default = Release|Default
		Release|x64 = Release|x64
	EndGlobalSection
EndGlobal
